
Microsoft Visual Studio Solution File, Format Version 12.00
# Visual Studio Version 17
VisualStudioVersion = 17.10.35013.160
MinimumVisualStudioVersion = 10.0.40219.1
Project("{FAE04EC0-301F-11D3-BF4B-00C04F79EFBC}") = "troc", "troc\troc.csproj", "{D3A51A54-D35A-4857-93C0-D7EFE6419584}"
EndProject
Global
	GlobalSection(SolutionConfigurationPlatforms) = preSolution
		Debug|Any CPU = Debug|Any CPU
		Release|Any CPU = Release|Any CPU
	EndGlobalSection
	GlobalSection(ProjectConfigurationPlatforms) = postSolution
		{D3A51A54-D35A-4857-93C0-D7EFE6419584}.Debug|Any CPU.ActiveCfg = Debug|Any CPU
		{D3A51A54-D35A-4857-93C0-D7EFE6419584}.Debug|Any CPU.Build.0 = Debug|Any CPU
		{D3A51A54-D35A-4857-93C0-D7EFE6419584}.Release|Any CPU.ActiveCfg = Release|Any CPU
		{D3A51A54-D35A-4857-93C0-D7EFE6419584}.Release|Any CPU.Build.0 = Release|Any CPU
	EndGlobalSection
	GlobalSection(SolutionProperties) = preSolution
		HideSolutionNode = FALSE
	EndGlobalSection
	GlobalSection(ExtensibilityGlobals) = postSolution
		SolutionGuid = {026EBFBB-1A4E-41A2-B7FC-755E201B419D}
	EndGlobalSection
EndGlobal
